// !$*UTF8*$!
{
	archiveVersion = 1;
	classes = {
	};
	objectVersion = 46;
	objects = {

/* Begin PBXBuildFile section */
		CE8EFB7E1DACCB8400B82DF3 /* AppDelegate.swift in Sources */ = {isa = PBXBuildFile; fileRef = CE8EFB7D1DACCB8400B82DF3 /* AppDelegate.swift */; };
		CE8EFB801DACCB8400B82DF3 /* ViewController.swift in Sources */ = {isa = PBXBuildFile; fileRef = CE8EFB7F1DACCB8400B82DF3 /* ViewController.swift */; };
		CE8EFB831DACCB8400B82DF3 /* Main.storyboard in Resources */ = {isa = PBXBuildFile; fileRef = CE8EFB811DACCB8400B82DF3 /* Main.storyboard */; };
		CE8EFB851DACCB8400B82DF3 /* Assets.xcassets in Resources */ = {isa = PBXBuildFile; fileRef = CE8EFB841DACCB8400B82DF3 /* Assets.xcassets */; };
		CE8EFB881DACCB8400B82DF3 /* LaunchScreen.storyboard in Resources */ = {isa = PBXBuildFile; fileRef = CE8EFB861DACCB8400B82DF3 /* LaunchScreen.storyboard */; };
		CE8EFB931DACCB8400B82DF3 /* swift_CalendarTests.swift in Sources */ = {isa = PBXBuildFile; fileRef = CE8EFB921DACCB8400B82DF3 /* swift_CalendarTests.swift */; };
		CE8EFB9E1DACCB8400B82DF3 /* swift_CalendarUITests.swift in Sources */ = {isa = PBXBuildFile; fileRef = CE8EFB9D1DACCB8400B82DF3 /* swift_CalendarUITests.swift */; };
		CE8EFBB11DACCBC000B82DF3 /* next.png in Resources */ = {isa = PBXBuildFile; fileRef = CE8EFBAB1DACCBC000B82DF3 /* next.png */; };
		CE8EFBB21DACCBC000B82DF3 /* next@2x.png in Resources */ = {isa = PBXBuildFile; fileRef = CE8EFBAC1DACCBC000B82DF3 /* next@2x.png */; };
		CE8EFBB31DACCBC000B82DF3 /* next@3x.png in Resources */ = {isa = PBXBuildFile; fileRef = CE8EFBAD1DACCBC000B82DF3 /* next@3x.png */; };
		CE8EFBB41DACCBC000B82DF3 /* pre.png in Resources */ = {isa = PBXBuildFile; fileRef = CE8EFBAE1DACCBC000B82DF3 /* pre.png */; };
		CE8EFBB51DACCBC000B82DF3 /* pre@2x.png in Resources */ = {isa = PBXBuildFile; fileRef = CE8EFBAF1DACCBC000B82DF3 /* pre@2x.png */; };
		CE8EFBB61DACCBC000B82DF3 /* pre@3x.png in Resources */ = {isa = PBXBuildFile; fileRef = CE8EFBB01DACCBC000B82DF3 /* pre@3x.png */; };
		CE8EFBB81DACCC1300B82DF3 /* MJ_Calendar.swift in Sources */ = {isa = PBXBuildFile; fileRef = CE8EFBB71DACCC1300B82DF3 /* MJ_Calendar.swift */; };
		CE8EFBBA1DACE38600B82DF3 /* MJ_CalendarCell.swift in Sources */ = {isa = PBXBuildFile; fileRef = CE8EFBB91DACE38600B82DF3 /* MJ_CalendarCell.swift */; };
		CEE746FF1DADC86E00D3271D /* jk_icon_duigou@2x.png in Resources */ = {isa = PBXBuildFile; fileRef = CEE746FE1DADC86E00D3271D /* jk_icon_duigou@2x.png */; };
		CEE747011DADCB2C00D3271D /* MJ_CalendarView.swift in Sources */ = {isa = PBXBuildFile; fileRef = CEE747001DADCB2C00D3271D /* MJ_CalendarView.swift */; };
/* End PBXBuildFile section */

/* Begin PBXContainerItemProxy section */
		CE8EFB8F1DACCB8400B82DF3 /* PBXContainerItemProxy */ = {
			isa = PBXContainerItemProxy;
			containerPortal = CE8EFB721DACCB8400B82DF3 /* Project object */;
			proxyType = 1;
			remoteGlobalIDString = CE8EFB791DACCB8400B82DF3;
			remoteInfo = "swift-Calendar";
		};
		CE8EFB9A1DACCB8400B82DF3 /* PBXContainerItemProxy */ = {
			isa = PBXContainerItemProxy;
			containerPortal = CE8EFB721DACCB8400B82DF3 /* Project object */;
			proxyType = 1;
			remoteGlobalIDString = CE8EFB791DACCB8400B82DF3;
			remoteInfo = "swift-Calendar";
		};
/* End PBXContainerItemProxy section */

/* Begin PBXFileReference section */
		CE8EFB7A1DACCB8400B82DF3 /* swift-Calendar.app */ = {isa = PBXFileReference; explicitFileType = wrapper.application; includeInIndex = 0; path = "swift-Calendar.app"; sourceTree = BUILT_PRODUCTS_DIR; };
		CE8EFB7D1DACCB8400B82DF3 /* AppDelegate.swift */ = {isa = PBXFileReference; lastKnownFileType = sourcecode.swift; path = AppDelegate.swift; sourceTree = "<group>"; };
		CE8EFB7F1DACCB8400B82DF3 /* ViewController.swift */ = {isa = PBXFileReference; lastKnownFileType = sourcecode.swift; path = ViewController.swift; sourceTree = "<group>"; };
		CE8EFB821DACCB8400B82DF3 /* Base */ = {isa = PBXFileReference; lastKnownFileType = file.storyboard; name = Base; path = Base.lproj/Main.storyboard; sourceTree = "<group>"; };
		CE8EFB841DACCB8400B82DF3 /* Assets.xcassets */ = {isa = PBXFileReference; lastKnownFileType = folder.assetcatalog; path = Assets.xcassets; sourceTree = "<group>"; };
		CE8EFB871DACCB8400B82DF3 /* Base */ = {isa = PBXFileReference; lastKnownFileType = file.storyboard; name = Base; path = Base.lproj/LaunchScreen.storyboard; sourceTree = "<group>"; };
		CE8EFB891DACCB8400B82DF3 /* Info.plist */ = {isa = PBXFileReference; lastKnownFileType = text.plist.xml; path = Info.plist; sourceTree = "<group>"; };
		CE8EFB8E1DACCB8400B82DF3 /* swift-CalendarTests.xctest */ = {isa = PBXFileReference; explicitFileType = wrapper.cfbundle; includeInIndex = 0; path = "swift-CalendarTests.xctest"; sourceTree = BUILT_PRODUCTS_DIR; };
		CE8EFB921DACCB8400B82DF3 /* swift_CalendarTests.swift */ = {isa = PBXFileReference; lastKnownFileType = sourcecode.swift; path = swift_CalendarTests.swift; sourceTree = "<group>"; };
		CE8EFB941DACCB8400B82DF3 /* Info.plist */ = {isa = PBXFileReference; lastKnownFileType = text.plist.xml; path = Info.plist; sourceTree = "<group>"; };
		CE8EFB991DACCB8400B82DF3 /* swift-CalendarUITests.xctest */ = {isa = PBXFileReference; explicitFileType = wrapper.cfbundle; includeInIndex = 0; path = "swift-CalendarUITests.xctest"; sourceTree = BUILT_PRODUCTS_DIR; };
		CE8EFB9D1DACCB8400B82DF3 /* swift_CalendarUITests.swift */ = {isa = PBXFileReference; lastKnownFileType = sourcecode.swift; path = swift_CalendarUITests.swift; sourceTree = "<group>"; };
		CE8EFB9F1DACCB8400B82DF3 /* Info.plist */ = {isa = PBXFileReference; lastKnownFileType = text.plist.xml; path = Info.plist; sourceTree = "<group>"; };
		CE8EFBAB1DACCBC000B82DF3 /* next.png */ = {isa = PBXFileReference; lastKnownFileType = image.png; path = next.png; sourceTree = "<group>"; };
		CE8EFBAC1DACCBC000B82DF3 /* next@2x.png */ = {isa = PBXFileReference; lastKnownFileType = image.png; path = "next@2x.png"; sourceTree = "<group>"; };
		CE8EFBAD1DACCBC000B82DF3 /* next@3x.png */ = {isa = PBXFileReference; lastKnownFileType = image.png; path = "next@3x.png"; sourceTree = "<group>"; };
		CE8EFBAE1DACCBC000B82DF3 /* pre.png */ = {isa = PBXFileReference; lastKnownFileType = image.png; path = pre.png; sourceTree = "<group>"; };
		CE8EFBAF1DACCBC000B82DF3 /* pre@2x.png */ = {isa = PBXFileReference; lastKnownFileType = image.png; path = "pre@2x.png"; sourceTree = "<group>"; };
		CE8EFBB01DACCBC000B82DF3 /* pre@3x.png */ = {isa = PBXFileReference; lastKnownFileType = image.png; path = "pre@3x.png"; sourceTree = "<group>"; };
		CE8EFBB71DACCC1300B82DF3 /* MJ_Calendar.swift */ = {isa = PBXFileReference; fileEncoding = 4; lastKnownFileType = sourcecode.swift; path = MJ_Calendar.swift; sourceTree = "<group>"; };
		CE8EFBB91DACE38600B82DF3 /* MJ_CalendarCell.swift */ = {isa = PBXFileReference; fileEncoding = 4; lastKnownFileType = sourcecode.swift; path = MJ_CalendarCell.swift; sourceTree = "<group>"; };
		CEE746FE1DADC86E00D3271D /* jk_icon_duigou@2x.png */ = {isa = PBXFileReference; lastKnownFileType = image.png; path = "jk_icon_duigou@2x.png"; sourceTree = "<group>"; };
		CEE747001DADCB2C00D3271D /* MJ_CalendarView.swift */ = {isa = PBXFileReference; fileEncoding = 4; lastKnownFileType = sourcecode.swift; path = MJ_CalendarView.swift; sourceTree = "<group>"; };
/* End PBXFileReference section */

/* Begin PBXFrameworksBuildPhase section */
		CE8EFB771DACCB8400B82DF3 /* Frameworks */ = {
			isa = PBXFrameworksBuildPhase;
			buildActionMask = 2147483647;
			files = (
			);
			runOnlyForDeploymentPostprocessing = 0;
		};
		CE8EFB8B1DACCB8400B82DF3 /* Frameworks */ = {
			isa = PBXFrameworksBuildPhase;
			buildActionMask = 2147483647;
			files = (
			);
			runOnlyForDeploymentPostprocessing = 0;
		};
		CE8EFB961DACCB8400B82DF3 /* Frameworks */ = {
			isa = PBXFrameworksBuildPhase;
			buildActionMask = 2147483647;
			files = (
			);
			runOnlyForDeploymentPostprocessing = 0;
		};
/* End PBXFrameworksBuildPhase section */

/* Begin PBXGroup section */
		CE8EFB711DACCB8400B82DF3 = {
			isa = PBXGroup;
			children = (
				CE8EFB7C1DACCB8400B82DF3 /* swift-Calendar */,
				CE8EFB911DACCB8400B82DF3 /* swift-CalendarTests */,
				CE8EFB9C1DACCB8400B82DF3 /* swift-CalendarUITests */,
				CE8EFB7B1DACCB8400B82DF3 /* Products */,
			);
			sourceTree = "<group>";
		};
		CE8EFB7B1DACCB8400B82DF3 /* Products */ = {
			isa = PBXGroup;
			children = (
				CE8EFB7A1DACCB8400B82DF3 /* swift-Calendar.app */,
				CE8EFB8E1DACCB8400B82DF3 /* swift-CalendarTests.xctest */,
				CE8EFB991DACCB8400B82DF3 /* swift-CalendarUITests.xctest */,
			);
			name = Products;
			sourceTree = "<group>";
		};
		CE8EFB7C1DACCB8400B82DF3 /* swift-Calendar */ = {
			isa = PBXGroup;
			children = (
				CE8EFB7D1DACCB8400B82DF3 /* AppDelegate.swift */,
				CE8EFB7F1DACCB8400B82DF3 /* ViewController.swift */,
				CE8EFB811DACCB8400B82DF3 /* Main.storyboard */,
				CE8EFBB71DACCC1300B82DF3 /* MJ_Calendar.swift */,
				CE8EFBB91DACE38600B82DF3 /* MJ_CalendarCell.swift */,
				CEE747001DADCB2C00D3271D /* MJ_CalendarView.swift */,
				CE8EFB841DACCB8400B82DF3 /* Assets.xcassets */,
				CEE746FE1DADC86E00D3271D /* jk_icon_duigou@2x.png */,
				CE8EFBAB1DACCBC000B82DF3 /* next.png */,
				CE8EFBAC1DACCBC000B82DF3 /* next@2x.png */,
				CE8EFBAD1DACCBC000B82DF3 /* next@3x.png */,
				CE8EFBAE1DACCBC000B82DF3 /* pre.png */,
				CE8EFBAF1DACCBC000B82DF3 /* pre@2x.png */,
				CE8EFBB01DACCBC000B82DF3 /* pre@3x.png */,
				CE8EFB861DACCB8400B82DF3 /* LaunchScreen.storyboard */,
				CE8EFB891DACCB8400B82DF3 /* Info.plist */,
			);
			path = "swift-Calendar";
			sourceTree = "<group>";
		};
		CE8EFB911DACCB8400B82DF3 /* swift-CalendarTests */ = {
			isa = PBXGroup;
			children = (
				CE8EFB921DACCB8400B82DF3 /* swift_CalendarTests.swift */,
				CE8EFB941DACCB8400B82DF3 /* Info.plist */,
			);
			path = "swift-CalendarTests";
			sourceTree = "<group>";
		};
		CE8EFB9C1DACCB8400B82DF3 /* swift-CalendarUITests */ = {
			isa = PBXGroup;
			children = (
				CE8EFB9D1DACCB8400B82DF3 /* swift_CalendarUITests.swift */,
				CE8EFB9F1DACCB8400B82DF3 /* Info.plist */,
			);
			path = "swift-CalendarUITests";
			sourceTree = "<group>";
		};
/* End PBXGroup section */

/* Begin PBXNativeTarget section */
		CE8EFB791DACCB8400B82DF3 /* swift-Calendar */ = {
			isa = PBXNativeTarget;
			buildConfigurationList = CE8EFBA21DACCB8400B82DF3 /* Build configuration list for PBXNativeTarget "swift-Calendar" */;
			buildPhases = (
				CE8EFB761DACCB8400B82DF3 /* Sources */,
				CE8EFB771DACCB8400B82DF3 /* Frameworks */,
				CE8EFB781DACCB8400B82DF3 /* Resources */,
			);
			buildRules = (
			);
			dependencies = (
			);
			name = "swift-Calendar";
			productName = "swift-Calendar";
			productReference = CE8EFB7A1DACCB8400B82DF3 /* swift-Calendar.app */;
			productType = "com.apple.product-type.application";
		};
		CE8EFB8D1DACCB8400B82DF3 /* swift-CalendarTests */ = {
			isa = PBXNativeTarget;
			buildConfigurationList = CE8EFBA51DACCB8400B82DF3 /* Build configuration list for PBXNativeTarget "swift-CalendarTests" */;
			buildPhases = (
				CE8EFB8A1DACCB8400B82DF3 /* Sources */,
				CE8EFB8B1DACCB8400B82DF3 /* Frameworks */,
				CE8EFB8C1DACCB8400B82DF3 /* Resources */,
			);
			buildRules = (
			);
			dependencies = (
				CE8EFB901DACCB8400B82DF3 /* PBXTargetDependency */,
			);
			name = "swift-CalendarTests";
			productName = "swift-CalendarTests";
			productReference = CE8EFB8E1DACCB8400B82DF3 /* swift-CalendarTests.xctest */;
			productType = "com.apple.product-type.bundle.unit-test";
		};
		CE8EFB981DACCB8400B82DF3 /* swift-CalendarUITests */ = {
			isa = PBXNativeTarget;
			buildConfigurationList = CE8EFBA81DACCB8400B82DF3 /* Build configuration list for PBXNativeTarget "swift-CalendarUITests" */;
			buildPhases = (
				CE8EFB951DACCB8400B82DF3 /* Sources */,
				CE8EFB961DACCB8400B82DF3 /* Frameworks */,
				CE8EFB971DACCB8400B82DF3 /* Resources */,
			);
			buildRules = (
			);
			dependencies = (
				CE8EFB9B1DACCB8400B82DF3 /* PBXTargetDependency */,
			);
			name = "swift-CalendarUITests";
			productName = "swift-CalendarUITests";
			productReference = CE8EFB991DACCB8400B82DF3 /* swift-CalendarUITests.xctest */;
			productType = "com.apple.product-type.bundle.ui-testing";
		};
/* End PBXNativeTarget section */

/* Begin PBXProject section */
		CE8EFB721DACCB8400B82DF3 /* Project object */ = {
			isa = PBXProject;
			attributes = {
				LastSwiftUpdateCheck = 0730;
				LastUpgradeCheck = 0730;
				ORGANIZATIONNAME = mac;
				TargetAttributes = {
					CE8EFB791DACCB8400B82DF3 = {
						CreatedOnToolsVersion = 7.3.1;
					};
					CE8EFB8D1DACCB8400B82DF3 = {
						CreatedOnToolsVersion = 7.3.1;
						TestTargetID = CE8EFB791DACCB8400B82DF3;
					};
					CE8EFB981DACCB8400B82DF3 = {
						CreatedOnToolsVersion = 7.3.1;
						TestTargetID = CE8EFB791DACCB8400B82DF3;
					};
				};
			};
			buildConfigurationList = CE8EFB751DACCB8400B82DF3 /* Build configuration list for PBXProject "swift-Calendar" */;
			compatibilityVersion = "Xcode 3.2";
			developmentRegion = English;
			hasScannedForEncodings = 0;
			knownRegions = (
				en,
				Base,
			);
			mainGroup = CE8EFB711DACCB8400B82DF3;
			productRefGroup = CE8EFB7B1DACCB8400B82DF3 /* Products */;
			projectDirPath = "";
			projectRoot = "";
			targets = (
				CE8EFB791DACCB8400B82DF3 /* swift-Calendar */,
				CE8EFB8D1DACCB8400B82DF3 /* swift-CalendarTests */,
				CE8EFB981DACCB8400B82DF3 /* swift-CalendarUITests */,
			);
		};
/* End PBXProject section */

/* Begin PBXResourcesBuildPhase section */
		CE8EFB781DACCB8400B82DF3 /* Resources */ = {
			isa = PBXResourcesBuildPhase;
			buildActionMask = 2147483647;
			files = (
				CE8EFB881DACCB8400B82DF3 /* LaunchScreen.storyboard in Resources */,
				CE8EFB851DACCB8400B82DF3 /* Assets.xcassets in Resources */,
				CE8EFBB41DACCBC000B82DF3 /* pre.png in Resources */,
				CEE746FF1DADC86E00D3271D /* jk_icon_duigou@2x.png in Resources */,
				CE8EFBB31DACCBC000B82DF3 /* next@3x.png in Resources */,
				CE8EFBB11DACCBC000B82DF3 /* next.png in Resources */,
				CE8EFBB21DACCBC000B82DF3 /* next@2x.png in Resources */,
				CE8EFBB61DACCBC000B82DF3 /* pre@3x.png in Resources */,
				CE8EFBB51DACCBC000B82DF3 /* pre@2x.png in Resources */,
				CE8EFB831DACCB8400B82DF3 /* Main.storyboard in Resources */,
			);
			runOnlyForDeploymentPostprocessing = 0;
		};
		CE8EFB8C1DACCB8400B82DF3 /* Resources */ = {
			isa = PBXResourcesBuildPhase;
			buildActionMask = 2147483647;
			files = (
			);
			runOnlyForDeploymentPostprocessing = 0;
		};
		CE8EFB971DACCB8400B82DF3 /* Resources */ = {
			isa = PBXResourcesBuildPhase;
			buildActionMask = 2147483647;
			files = (
			);
			runOnlyForDeploymentPostprocessing = 0;
		};
/* End PBXResourcesBuildPhase section */

/* Begin PBXSourcesBuildPhase section */
		CE8EFB761DACCB8400B82DF3 /* Sources */ = {
			isa = PBXSourcesBuildPhase;
			buildActionMask = 2147483647;
			files = (
				CEE747011DADCB2C00D3271D /* MJ_CalendarView.swift in Sources */,
				CE8EFBBA1DACE38600B82DF3 /* MJ_CalendarCell.swift in Sources */,
				CE8EFBB81DACCC1300B82DF3 /* MJ_Calendar.swift in Sources */,
				CE8EFB801DACCB8400B82DF3 /* ViewController.swift in Sources */,
				CE8EFB7E1DACCB8400B82DF3 /* AppDelegate.swift in Sources */,
			);
			runOnlyForDeploymentPostprocessing = 0;
		};
		CE8EFB8A1DACCB8400B82DF3 /* Sources */ = {
			isa = PBXSourcesBuildPhase;
			buildActionMask = 2147483647;
			files = (
				CE8EFB931DACCB8400B82DF3 /* swift_CalendarTests.swift in Sources */,
			);
			runOnlyForDeploymentPostprocessing = 0;
		};
		CE8EFB951DACCB8400B82DF3 /* Sources */ = {
			isa = PBXSourcesBuildPhase;
			buildActionMask = 2147483647;
			files = (
				CE8EFB9E1DACCB8400B82DF3 /* swift_CalendarUITests.swift in Sources */,
			);
			runOnlyForDeploymentPostprocessing = 0;
		};
/* End PBXSourcesBuildPhase section */

/* Begin PBXTargetDependency section */
		CE8EFB901DACCB8400B82DF3 /* PBXTargetDependency */ = {
			isa = PBXTargetDependency;
			target = CE8EFB791DACCB8400B82DF3 /* swift-Calendar */;
			targetProxy = CE8EFB8F1DACCB8400B82DF3 /* PBXContainerItemProxy */;
		};
		CE8EFB9B1DACCB8400B82DF3 /* PBXTargetDependency */ = {
			isa = PBXTargetDependency;
			target = CE8EFB791DACCB8400B82DF3 /* swift-Calendar */;
			targetProxy = CE8EFB9A1DACCB8400B82DF3 /* PBXContainerItemProxy */;
		};
/* End PBXTargetDependency section */

/* Begin PBXVariantGroup section */
		CE8EFB811DACCB8400B82DF3 /* Main.storyboard */ = {
			isa = PBXVariantGroup;
			children = (
				CE8EFB821DACCB8400B82DF3 /* Base */,
			);
			name = Main.storyboard;
			sourceTree = "<group>";
		};
		CE8EFB861DACCB8400B82DF3 /* LaunchScreen.storyboard */ = {
			isa = PBXVariantGroup;
			children = (
				CE8EFB871DACCB8400B82DF3 /* Base */,
			);
			name = LaunchScreen.storyboard;
			sourceTree = "<group>";
		};
/* End PBXVariantGroup section */

/* Begin XCBuildConfiguration section */
		CE8EFBA01DACCB8400B82DF3 /* Debug */ = {
			isa = XCBuildConfiguration;
			buildSettings = {
				ALWAYS_SEARCH_USER_PATHS = NO;
				CLANG_ANALYZER_NONNULL = YES;
				CLANG_CXX_LANGUAGE_STANDARD = "gnu++0x";
				CLANG_CXX_LIBRARY = "libc++";
				CLANG_ENABLE_MODULES = YES;
				CLANG_ENABLE_OBJC_ARC = YES;
				CLANG_WARN_BOOL_CONVERSION = YES;
				CLANG_WARN_CONSTANT_CONVERSION = YES;
				CLANG_WARN_DIRECT_OBJC_ISA_USAGE = YES_ERROR;
				CLANG_WARN_EMPTY_BODY = YES;
				CLANG_WARN_ENUM_CONVERSION = YES;
				CLANG_WARN_INT_CONVERSION = YES;
				CLANG_WARN_OBJC_ROOT_CLASS = YES_ERROR;
				CLANG_WARN_UNREACHABLE_CODE = YES;
				CLANG_WARN__DUPLICATE_METHOD_MATCH = YES;
				"CODE_SIGN_IDENTITY[sdk=iphoneos*]" = "iPhone Developer";
				COPY_PHASE_STRIP = NO;
				DEBUG_INFORMATION_FORMAT = dwarf;
				ENABLE_STRICT_OBJC_MSGSEND = YES;
				ENABLE_TESTABILITY = YES;
				GCC_C_LANGUAGE_STANDARD = gnu99;
				GCC_DYNAMIC_NO_PIC = NO;
				GCC_NO_COMMON_BLOCKS = YES;
				GCC_OPTIMIZATION_LEVEL = 0;
				GCC_PREPROCESSOR_DEFINITIONS = (
					"DEBUG=1",
					"$(inherited)",
				);
				GCC_WARN_64_TO_32_BIT_CONVERSION = YES;
				GCC_WARN_ABOUT_RETURN_TYPE = YES_ERROR;
				GCC_WARN_UNDECLARED_SELECTOR = YES;
				GCC_WARN_UNINITIALIZED_AUTOS = YES_AGGRESSIVE;
				GCC_WARN_UNUSED_FUNCTION = YES;
				GCC_WARN_UNUSED_VARIABLE = YES;
				IPHONEOS_DEPLOYMENT_TARGET = 9.3;
				MTL_ENABLE_DEBUG_INFO = YES;
				ONLY_ACTIVE_ARCH = YES;
				SDKROOT = iphoneos;
				SWIFT_OPTIMIZATION_LEVEL = "-Onone";
				TARGETED_DEVICE_FAMILY = "1,2";
			};
			name = Debug;
		};
		CE8EFBA11DACCB8400B82DF3 /* Release */ = {
			isa = XCBuildConfiguration;
			buildSettings = {
				ALWAYS_SEARCH_USER_PATHS = NO;
				CLANG_ANALYZER_NONNULL = YES;
				CLANG_CXX_LANGUAGE_STANDARD = "gnu++0x";
				CLANG_CXX_LIBRARY = "libc++";
				CLANG_ENABLE_MODULES = YES;
				CLANG_ENABLE_OBJC_ARC = YES;
				CLANG_WARN_BOOL_CONVERSION = YES;
				CLANG_WARN_CONSTANT_CONVERSION = YES;
				CLANG_WARN_DIRECT_OBJC_ISA_USAGE = YES_ERROR;
				CLANG_WARN_EMPTY_BODY = YES;
				CLANG_WARN_ENUM_CONVERSION = YES;
				CLANG_WARN_INT_CONVERSION = YES;
				CLANG_WARN_OBJC_ROOT_CLASS = YES_ERROR;
				CLANG_WARN_UNREACHABLE_CODE = YES;
				CLANG_WARN__DUPLICATE_METHOD_MATCH = YES;
				"CODE_SIGN_IDENTITY[sdk=iphoneos*]" = "iPhone Developer";
				COPY_PHASE_STRIP = NO;
				DEBUG_INFORMATION_FORMAT = "dwarf-with-dsym";
				ENABLE_NS_ASSERTIONS = NO;
				ENABLE_STRICT_OBJC_MSGSEND = YES;
				GCC_C_LANGUAGE_STANDARD = gnu99;
				GCC_NO_COMMON_BLOCKS = YES;
				GCC_WARN_64_TO_32_BIT_CONVERSION = YES;
				GCC_WARN_ABOUT_RETURN_TYPE = YES_ERROR;
				GCC_WARN_UNDECLARED_SELECTOR = YES;
				GCC_WARN_UNINITIALIZED_AUTOS = YES_AGGRESSIVE;
				GCC_WARN_UNUSED_FUNCTION = YES;
				GCC_WARN_UNUSED_VARIABLE = YES;
				IPHONEOS_DEPLOYMENT_TARGET = 9.3;
				MTL_ENABLE_DEBUG_INFO = NO;
				SDKROOT = iphoneos;
				TARGETED_DEVICE_FAMILY = "1,2";
				VALIDATE_PRODUCT = YES;
			};
			name = Release;
		};
		CE8EFBA31DACCB8400B82DF3 /* Debug */ = {
			isa = XCBuildConfiguration;
			buildSettings = {
				ASSETCATALOG_COMPILER_APPICON_NAME = AppIcon;
				INFOPLIST_FILE = "swift-Calendar/Info.plist";
				LD_RUNPATH_SEARCH_PATHS = "$(inherited) @executable_path/Frameworks";
				PRODUCT_BUNDLE_IDENTIFIER = "apple.swift-Calendar";
				PRODUCT_NAME = "$(TARGET_NAME)";
			};
			name = Debug;
		};
		CE8EFBA41DACCB8400B82DF3 /* Release */ = {
			isa = XCBuildConfiguration;
			buildSettings = {
				ASSETCATALOG_COMPILER_APPICON_NAME = AppIcon;
				INFOPLIST_FILE = "swift-Calendar/Info.plist";
				LD_RUNPATH_SEARCH_PATHS = "$(inherited) @executable_path/Frameworks";
				PRODUCT_BUNDLE_IDENTIFIER = "apple.swift-Calendar";
				PRODUCT_NAME = "$(TARGET_NAME)";
			};
			name = Release;
		};
		CE8EFBA61DACCB8400B82DF3 /* Debug */ = {
			isa = XCBuildConfiguration;
			buildSettings = {
				BUNDLE_LOADER = "$(TEST_HOST)";
				INFOPLIST_FILE = "swift-CalendarTests/Info.plist";
				LD_RUNPATH_SEARCH_PATHS = "$(inherited) @executable_path/Frameworks @loader_path/Frameworks";
				PRODUCT_BUNDLE_IDENTIFIER = "apple.swift-CalendarTests";
				PRODUCT_NAME = "$(TARGET_NAME)";
				TEST_HOST = "$(BUILT_PRODUCTS_DIR)/swift-Calendar.app/swift-Calendar";
			};
			name = Debug;
		};
		CE8EFBA71DACCB8400B82DF3 /* Release */ = {
			isa = XCBuildConfiguration;
			buildSettings = {
				BUNDLE_LOADER = "$(TEST_HOST)";
				INFOPLIST_FILE = "swift-CalendarTests/Info.plist";
				LD_RUNPATH_SEARCH_PATHS = "$(inherited) @executable_path/Frameworks @loader_path/Frameworks";
				PRODUCT_BUNDLE_IDENTIFIER = "apple.swift-CalendarTests";
				PRODUCT_NAME = "$(TARGET_NAME)";
				TEST_HOST = "$(BUILT_PRODUCTS_DIR)/swift-Calendar.app/swift-Calendar";
			};
			name = Release;
		};
		CE8EFBA91DACCB8400B82DF3 /* Debug */ = {
			isa = XCBuildConfiguration;
			buildSettings = {
				INFOPLIST_FILE = "swift-CalendarUITests/Info.plist";
				LD_RUNPATH_SEARCH_PATHS = "$(inherited) @executable_path/Frameworks @loader_path/Frameworks";
				PRODUCT_BUNDLE_IDENTIFIER = "apple.swift-CalendarUITests";
				PRODUCT_NAME = "$(TARGET_NAME)";
				TEST_TARGET_NAME = "swift-Calendar";
			};
			name = Debug;
		};
		CE8EFBAA1DACCB8400B82DF3 /* Release */ = {
			isa = XCBuildConfiguration;
			buildSettings = {
				INFOPLIST_FILE = "swift-CalendarUITests/Info.plist";
				LD_RUNPATH_SEARCH_PATHS = "$(inherited) @executable_path/Frameworks @loader_path/Frameworks";
				PRODUCT_BUNDLE_IDENTIFIER = "apple.swift-CalendarUITests";
				PRODUCT_NAME = "$(TARGET_NAME)";
				TEST_TARGET_NAME = "swift-Calendar";
			};
			name = Release;
		};
/* End XCBuildConfiguration section */

/* Begin XCConfigurationList section */
		CE8EFB751DACCB8400B82DF3 /* Build configuration list for PBXProject "swift-Calendar" */ = {
			isa = XCConfigurationList;
			buildConfigurations = (
				CE8EFBA01DACCB8400B82DF3 /* Debug */,
				CE8EFBA11DACCB8400B82DF3 /* Release */,
			);
			defaultConfigurationIsVisible = 0;
			defaultConfigurationName = Release;
		};
		CE8EFBA21DACCB8400B82DF3 /* Build configuration list for PBXNativeTarget "swift-Calendar" */ = {
			isa = XCConfigurationList;
			buildConfigurations = (
				CE8EFBA31DACCB8400B82DF3 /* Debug */,
				CE8EFBA41DACCB8400B82DF3 /* Release */,
			);
			defaultConfigurationIsVisible = 0;
			defaultConfigurationName = Release;
		};
		CE8EFBA51DACCB8400B82DF3 /* Build configuration list for PBXNativeTarget "swift-CalendarTests" */ = {
			isa = XCConfigurationList;
			buildConfigurations = (
				CE8EFBA61DACCB8400B82DF3 /* Debug */,
				CE8EFBA71DACCB8400B82DF3 /* Release */,
			);
			defaultConfigurationIsVisible = 0;
			defaultConfigurationName = Release;
		};
		CE8EFBA81DACCB8400B82DF3 /* Build configuration list for PBXNativeTarget "swift-CalendarUITests" */ = {
			isa = XCConfigurationList;
			buildConfigurations = (
				CE8EFBA91DACCB8400B82DF3 /* Debug */,
				CE8EFBAA1DACCB8400B82DF3 /* Release */,
			);
			defaultConfigurationIsVisible = 0;
			defaultConfigurationName = Release;
		};
/* End XCConfigurationList section */
	};
	rootObject = CE8EFB721DACCB8400B82DF3 /* Project object */;
}
